// !$*UTF8*$!
{
	archiveVersion = 1;
	classes = {
	};
	objectVersion = 46;
	objects = {

/* Begin PBXBuildFile section */
		9E143B0E1D4A73DB0073B51B /* main.cpp in Sources */ = {isa = PBXBuildFile; fileRef = 9E143B0D1D4A73DB0073B51B /* main.cpp */; };
		9E143B1C1D4A74640073B51B /* Player.cpp in Sources */ = {isa = PBXBuildFile; fileRef = 9E143B151D4A74640073B51B /* Player.cpp */; };
		9E143B1D1D4A74640073B51B /* Socket.cpp in Sources */ = {isa = PBXBuildFile; fileRef = 9E143B171D4A74640073B51B /* Socket.cpp */; };
		9E143B1E1D4A74640073B51B /* throw.cpp in Sources */ = {isa = PBXBuildFile; fileRef = 9E143B1A1D4A74640073B51B /* throw.cpp */; };
		9E4BFB101D53C86D006E8138 /* BuildmasterProcessor.cpp in Sources */ = {isa = PBXBuildFile; fileRef = 9E4BFB051D53C86D006E8138 /* BuildmasterProcessor.cpp */; };
		9E4BFB111D53C86D006E8138 /* CondottieriProcessor.cpp in Sources */ = {isa = PBXBuildFile; fileRef = 9E4BFB071D53C86D006E8138 /* CondottieriProcessor.cpp */; };
		9E4BFB121D53C86D006E8138 /* MerchantProcessor.cpp in Sources */ = {isa = PBXBuildFile; fileRef = 9E4BFB091D53C86D006E8138 /* MerchantProcessor.cpp */; };
		9E4BFB131D53C86D006E8138 /* PreacherProcessor.cpp in Sources */ = {isa = PBXBuildFile; fileRef = 9E4BFB0B1D53C86D006E8138 /* PreacherProcessor.cpp */; };
		9E4BFB141D53C86D006E8138 /* ThiefProcessor.cpp in Sources */ = {isa = PBXBuildFile; fileRef = 9E4BFB0D1D53C86D006E8138 /* ThiefProcessor.cpp */; };
		9E5E07851D4CD2F8006D5063 /* Game.cpp in Sources */ = {isa = PBXBuildFile; fileRef = 9E5E07831D4CD2F8006D5063 /* Game.cpp */; };
		9E5E07881D4CD30F006D5063 /* Round.cpp in Sources */ = {isa = PBXBuildFile; fileRef = 9E5E07861D4CD30F006D5063 /* Round.cpp */; };
		9E5E078B1D4CD33A006D5063 /* BaseCharacter.cpp in Sources */ = {isa = PBXBuildFile; fileRef = 9E5E07891D4CD33A006D5063 /* BaseCharacter.cpp */; };
		9E5E078E1D4CD354006D5063 /* BaseCard.cpp in Sources */ = {isa = PBXBuildFile; fileRef = 9E5E078C1D4CD354006D5063 /* BaseCard.cpp */; };
		9E5E07961D4CD492006D5063 /* MainProcessor.cpp in Sources */ = {isa = PBXBuildFile; fileRef = 9E5E07941D4CD492006D5063 /* MainProcessor.cpp */; };
		9E5E07991D4CD4B9006D5063 /* MurdererProcessor.cpp in Sources */ = {isa = PBXBuildFile; fileRef = 9E5E07971D4CD4B9006D5063 /* MurdererProcessor.cpp */; };
		9E5E079F1D4CDE6C006D5063 /* WizzardProcessor.cpp in Sources */ = {isa = PBXBuildFile; fileRef = 9E5E079D1D4CDE6C006D5063 /* WizzardProcessor.cpp */; };
		9E5E07AF1D4CE1D6006D5063 /* ConsoleView.cpp in Sources */ = {isa = PBXBuildFile; fileRef = 9E5E07AD1D4CE1D6006D5063 /* ConsoleView.cpp */; };
		9E5E07B21D4E3EC4006D5063 /* GameController.cpp in Sources */ = {isa = PBXBuildFile; fileRef = 9E5E07B01D4E3EC4006D5063 /* GameController.cpp */; };
/* End PBXBuildFile section */

/* Begin PBXCopyFilesBuildPhase section */
		9E143B081D4A73DB0073B51B /* CopyFiles */ = {
			isa = PBXCopyFilesBuildPhase;
			buildActionMask = 2147483647;
			dstPath = /usr/share/man/man1/;
			dstSubfolderSpec = 0;
			files = (
			);
			runOnlyForDeploymentPostprocessing = 1;
		};
/* End PBXCopyFilesBuildPhase section */

/* Begin PBXFileReference section */
		9E143B0A1D4A73DB0073B51B /* Machiavelli */ = {isa = PBXFileReference; explicitFileType = "compiled.mach-o.executable"; includeInIndex = 0; path = Machiavelli; sourceTree = BUILT_PRODUCTS_DIR; };
		9E143B0D1D4A73DB0073B51B /* main.cpp */ = {isa = PBXFileReference; lastKnownFileType = sourcecode.cpp.cpp; path = main.cpp; sourceTree = "<group>"; };
		9E143B141D4A74640073B51B /* ClientCommand.h */ = {isa = PBXFileReference; fileEncoding = 4; lastKnownFileType = sourcecode.c.h; path = ClientCommand.h; sourceTree = "<group>"; };
		9E143B151D4A74640073B51B /* Player.cpp */ = {isa = PBXFileReference; fileEncoding = 4; lastKnownFileType = sourcecode.cpp.cpp; path = Player.cpp; sourceTree = "<group>"; };
		9E143B161D4A74640073B51B /* Player.hpp */ = {isa = PBXFileReference; fileEncoding = 4; lastKnownFileType = sourcecode.cpp.h; path = Player.hpp; sourceTree = "<group>"; };
		9E143B171D4A74640073B51B /* Socket.cpp */ = {isa = PBXFileReference; fileEncoding = 4; lastKnownFileType = sourcecode.cpp.cpp; path = Socket.cpp; sourceTree = "<group>"; };
		9E143B181D4A74640073B51B /* Socket.h */ = {isa = PBXFileReference; fileEncoding = 4; lastKnownFileType = sourcecode.c.h; path = Socket.h; sourceTree = "<group>"; };
		9E143B191D4A74640073B51B /* Sync_queue.h */ = {isa = PBXFileReference; fileEncoding = 4; lastKnownFileType = sourcecode.c.h; path = Sync_queue.h; sourceTree = "<group>"; };
		9E143B1A1D4A74640073B51B /* throw.cpp */ = {isa = PBXFileReference; fileEncoding = 4; lastKnownFileType = sourcecode.cpp.cpp; path = throw.cpp; sourceTree = "<group>"; };
		9E143B1B1D4A74640073B51B /* throw.h */ = {isa = PBXFileReference; fileEncoding = 4; lastKnownFileType = sourcecode.c.h; path = throw.h; sourceTree = "<group>"; };
		9E4BFB051D53C86D006E8138 /* BuildmasterProcessor.cpp */ = {isa = PBXFileReference; fileEncoding = 4; lastKnownFileType = sourcecode.cpp.cpp; path = BuildmasterProcessor.cpp; sourceTree = "<group>"; };
		9E4BFB061D53C86D006E8138 /* BuildmasterProcessor.hpp */ = {isa = PBXFileReference; fileEncoding = 4; lastKnownFileType = sourcecode.cpp.h; path = BuildmasterProcessor.hpp; sourceTree = "<group>"; };
		9E4BFB071D53C86D006E8138 /* CondottieriProcessor.cpp */ = {isa = PBXFileReference; fileEncoding = 4; lastKnownFileType = sourcecode.cpp.cpp; path = CondottieriProcessor.cpp; sourceTree = "<group>"; };
		9E4BFB081D53C86D006E8138 /* CondottieriProcessor.hpp */ = {isa = PBXFileReference; fileEncoding = 4; lastKnownFileType = sourcecode.cpp.h; path = CondottieriProcessor.hpp; sourceTree = "<group>"; };
		9E4BFB091D53C86D006E8138 /* MerchantProcessor.cpp */ = {isa = PBXFileReference; fileEncoding = 4; lastKnownFileType = sourcecode.cpp.cpp; path = MerchantProcessor.cpp; sourceTree = "<group>"; };
		9E4BFB0A1D53C86D006E8138 /* MerchantProcessor.hpp */ = {isa = PBXFileReference; fileEncoding = 4; lastKnownFileType = sourcecode.cpp.h; path = MerchantProcessor.hpp; sourceTree = "<group>"; };
		9E4BFB0B1D53C86D006E8138 /* PreacherProcessor.cpp */ = {isa = PBXFileReference; fileEncoding = 4; lastKnownFileType = sourcecode.cpp.cpp; path = PreacherProcessor.cpp; sourceTree = "<group>"; };
		9E4BFB0C1D53C86D006E8138 /* PreacherProcessor.hpp */ = {isa = PBXFileReference; fileEncoding = 4; lastKnownFileType = sourcecode.cpp.h; path = PreacherProcessor.hpp; sourceTree = "<group>"; };
		9E4BFB0D1D53C86D006E8138 /* ThiefProcessor.cpp */ = {isa = PBXFileReference; fileEncoding = 4; lastKnownFileType = sourcecode.cpp.cpp; path = ThiefProcessor.cpp; sourceTree = "<group>"; };
		9E4BFB0E1D53C86D006E8138 /* ThiefProcessor.hpp */ = {isa = PBXFileReference; fileEncoding = 4; lastKnownFileType = sourcecode.cpp.h; path = ThiefProcessor.hpp; sourceTree = "<group>"; };
		9E4BFB0F1D53C86D006E8138 /* WizzardProcessor.hpp */ = {isa = PBXFileReference; fileEncoding = 4; lastKnownFileType = sourcecode.cpp.h; path = WizzardProcessor.hpp; sourceTree = "<group>"; };
		9E5E07831D4CD2F8006D5063 /* Game.cpp */ = {isa = PBXFileReference; fileEncoding = 4; lastKnownFileType = sourcecode.cpp.cpp; name = Game.cpp; path = Models/Game.cpp; sourceTree = "<group>"; };
		9E5E07841D4CD2F8006D5063 /* Game.hpp */ = {isa = PBXFileReference; fileEncoding = 4; lastKnownFileType = sourcecode.cpp.h; name = Game.hpp; path = Models/Game.hpp; sourceTree = "<group>"; };
		9E5E07861D4CD30F006D5063 /* Round.cpp */ = {isa = PBXFileReference; fileEncoding = 4; lastKnownFileType = sourcecode.cpp.cpp; name = Round.cpp; path = Models/Round.cpp; sourceTree = "<group>"; };
		9E5E07871D4CD30F006D5063 /* Round.hpp */ = {isa = PBXFileReference; fileEncoding = 4; lastKnownFileType = sourcecode.cpp.h; name = Round.hpp; path = Models/Round.hpp; sourceTree = "<group>"; };
		9E5E07891D4CD33A006D5063 /* BaseCharacter.cpp */ = {isa = PBXFileReference; fileEncoding = 4; lastKnownFileType = sourcecode.cpp.cpp; name = BaseCharacter.cpp; path = Models/BaseCharacter.cpp; sourceTree = "<group>"; };
		9E5E078A1D4CD33A006D5063 /* BaseCharacter.hpp */ = {isa = PBXFileReference; fileEncoding = 4; lastKnownFileType = sourcecode.cpp.h; name = BaseCharacter.hpp; path = Models/BaseCharacter.hpp; sourceTree = "<group>"; };
		9E5E078C1D4CD354006D5063 /* BaseCard.cpp */ = {isa = PBXFileReference; fileEncoding = 4; lastKnownFileType = sourcecode.cpp.cpp; name = BaseCard.cpp; path = Models/BaseCard.cpp; sourceTree = "<group>"; };
		9E5E078D1D4CD354006D5063 /* BaseCard.hpp */ = {isa = PBXFileReference; fileEncoding = 4; lastKnownFileType = sourcecode.cpp.h; name = BaseCard.hpp; path = Models/BaseCard.hpp; sourceTree = "<group>"; };
		9E5E07941D4CD492006D5063 /* MainProcessor.cpp */ = {isa = PBXFileReference; fileEncoding = 4; lastKnownFileType = sourcecode.cpp.cpp; path = MainProcessor.cpp; sourceTree = "<group>"; };
		9E5E07951D4CD492006D5063 /* MainProcessor.hpp */ = {isa = PBXFileReference; fileEncoding = 4; lastKnownFileType = sourcecode.cpp.h; path = MainProcessor.hpp; sourceTree = "<group>"; };
		9E5E07971D4CD4B9006D5063 /* MurdererProcessor.cpp */ = {isa = PBXFileReference; fileEncoding = 4; lastKnownFileType = sourcecode.cpp.cpp; path = MurdererProcessor.cpp; sourceTree = "<group>"; };
		9E5E07981D4CD4B9006D5063 /* MurdererProcessor.hpp */ = {isa = PBXFileReference; fileEncoding = 4; lastKnownFileType = sourcecode.cpp.h; path = MurdererProcessor.hpp; sourceTree = "<group>"; };
		9E5E079D1D4CDE6C006D5063 /* WizzardProcessor.cpp */ = {isa = PBXFileReference; fileEncoding = 4; lastKnownFileType = sourcecode.cpp.cpp; path = WizzardProcessor.cpp; sourceTree = "<group>"; };
		9E5E07AD1D4CE1D6006D5063 /* ConsoleView.cpp */ = {isa = PBXFileReference; fileEncoding = 4; lastKnownFileType = sourcecode.cpp.cpp; name = ConsoleView.cpp; path = Views/ConsoleView.cpp; sourceTree = "<group>"; };
		9E5E07AE1D4CE1D6006D5063 /* ConsoleView.hpp */ = {isa = PBXFileReference; fileEncoding = 4; lastKnownFileType = sourcecode.cpp.h; name = ConsoleView.hpp; path = Views/ConsoleView.hpp; sourceTree = "<group>"; };
		9E5E07B01D4E3EC4006D5063 /* GameController.cpp */ = {isa = PBXFileReference; fileEncoding = 4; lastKnownFileType = sourcecode.cpp.cpp; name = GameController.cpp; path = Controllers/GameController.cpp; sourceTree = "<group>"; };
		9E5E07B11D4E3EC4006D5063 /* GameController.hpp */ = {isa = PBXFileReference; fileEncoding = 4; lastKnownFileType = sourcecode.cpp.h; name = GameController.hpp; path = Controllers/GameController.hpp; sourceTree = "<group>"; };
/* End PBXFileReference section */

/* Begin PBXFrameworksBuildPhase section */
		9E143B071D4A73DB0073B51B /* Frameworks */ = {
			isa = PBXFrameworksBuildPhase;
			buildActionMask = 2147483647;
			files = (
			);
			runOnlyForDeploymentPostprocessing = 0;
		};
/* End PBXFrameworksBuildPhase section */

/* Begin PBXGroup section */
		9E143B011D4A73DB0073B51B = {
			isa = PBXGroup;
			children = (
				9E143B0C1D4A73DB0073B51B /* Machiavelli */,
				9E143B0B1D4A73DB0073B51B /* Products */,
			);
			sourceTree = "<group>";
		};
		9E143B0B1D4A73DB0073B51B /* Products */ = {
			isa = PBXGroup;
			children = (
				9E143B0A1D4A73DB0073B51B /* Machiavelli */,
			);
			name = Products;
			sourceTree = "<group>";
		};
		9E143B0C1D4A73DB0073B51B /* Machiavelli */ = {
			isa = PBXGroup;
			children = (
				9E5E07AC1D4CE16C006D5063 /* Views */,
				9E5E07901D4CD391006D5063 /* Process */,
				9E5E07821D4CD2BC006D5063 /* Controllers */,
				9E5E07811D4CD2B2006D5063 /* Models */,
				9E143B141D4A74640073B51B /* ClientCommand.h */,
				9E143B151D4A74640073B51B /* Player.cpp */,
				9E143B161D4A74640073B51B /* Player.hpp */,
				9E143B171D4A74640073B51B /* Socket.cpp */,
				9E143B181D4A74640073B51B /* Socket.h */,
				9E143B191D4A74640073B51B /* Sync_queue.h */,
				9E143B1A1D4A74640073B51B /* throw.cpp */,
				9E143B1B1D4A74640073B51B /* throw.h */,
				9E143B0D1D4A73DB0073B51B /* main.cpp */,
			);
			path = Machiavelli;
			sourceTree = "<group>";
		};
		9E5E07811D4CD2B2006D5063 /* Models */ = {
			isa = PBXGroup;
			children = (
				9E5E07831D4CD2F8006D5063 /* Game.cpp */,
				9E5E07841D4CD2F8006D5063 /* Game.hpp */,
				9E5E07861D4CD30F006D5063 /* Round.cpp */,
				9E5E07871D4CD30F006D5063 /* Round.hpp */,
				9E5E07891D4CD33A006D5063 /* BaseCharacter.cpp */,
				9E5E078A1D4CD33A006D5063 /* BaseCharacter.hpp */,
				9E5E078C1D4CD354006D5063 /* BaseCard.cpp */,
				9E5E078D1D4CD354006D5063 /* BaseCard.hpp */,
			);
			name = Models;
			sourceTree = "<group>";
		};
		9E5E07821D4CD2BC006D5063 /* Controllers */ = {
			isa = PBXGroup;
			children = (
				9E5E07B01D4E3EC4006D5063 /* GameController.cpp */,
				9E5E07B11D4E3EC4006D5063 /* GameController.hpp */,
			);
			name = Controllers;
			sourceTree = "<group>";
		};
		9E5E07901D4CD391006D5063 /* Process */ = {
			isa = PBXGroup;
			children = (
				9E4BFB051D53C86D006E8138 /* BuildmasterProcessor.cpp */,
				9E4BFB061D53C86D006E8138 /* BuildmasterProcessor.hpp */,
				9E4BFB071D53C86D006E8138 /* CondottieriProcessor.cpp */,
				9E4BFB081D53C86D006E8138 /* CondottieriProcessor.hpp */,
				9E4BFB091D53C86D006E8138 /* MerchantProcessor.cpp */,
				9E4BFB0A1D53C86D006E8138 /* MerchantProcessor.hpp */,
				9E4BFB0B1D53C86D006E8138 /* PreacherProcessor.cpp */,
				9E4BFB0C1D53C86D006E8138 /* PreacherProcessor.hpp */,
				9E4BFB0D1D53C86D006E8138 /* ThiefProcessor.cpp */,
				9E4BFB0E1D53C86D006E8138 /* ThiefProcessor.hpp */,
				9E4BFB0F1D53C86D006E8138 /* WizzardProcessor.hpp */,
				9E5E07941D4CD492006D5063 /* MainProcessor.cpp */,
				9E5E07951D4CD492006D5063 /* MainProcessor.hpp */,
				9E5E07971D4CD4B9006D5063 /* MurdererProcessor.cpp */,
				9E5E07981D4CD4B9006D5063 /* MurdererProcessor.hpp */,
				9E5E079D1D4CDE6C006D5063 /* WizzardProcessor.cpp */,
			);
			path = Process;
			sourceTree = "<group>";
		};
		9E5E07AC1D4CE16C006D5063 /* Views */ = {
			isa = PBXGroup;
			children = (
				9E5E07AD1D4CE1D6006D5063 /* ConsoleView.cpp */,
				9E5E07AE1D4CE1D6006D5063 /* ConsoleView.hpp */,
			);
			name = Views;
			sourceTree = "<group>";
		};
/* End PBXGroup section */

/* Begin PBXNativeTarget section */
		9E143B091D4A73DB0073B51B /* Machiavelli */ = {
			isa = PBXNativeTarget;
			buildConfigurationList = 9E143B111D4A73DB0073B51B /* Build configuration list for PBXNativeTarget "Machiavelli" */;
			buildPhases = (
				9E143B061D4A73DB0073B51B /* Sources */,
				9E143B071D4A73DB0073B51B /* Frameworks */,
				9E143B081D4A73DB0073B51B /* CopyFiles */,
			);
			buildRules = (
			);
			dependencies = (
			);
			name = Machiavelli;
			productName = Machiavelli;
			productReference = 9E143B0A1D4A73DB0073B51B /* Machiavelli */;
			productType = "com.apple.product-type.tool";
		};
/* End PBXNativeTarget section */

/* Begin PBXProject section */
		9E143B021D4A73DB0073B51B /* Project object */ = {
			isa = PBXProject;
			attributes = {
				LastUpgradeCheck = 0730;
				ORGANIZATIONNAME = "Mark Jan Kamminga";
				TargetAttributes = {
					9E143B091D4A73DB0073B51B = {
						CreatedOnToolsVersion = 7.3.1;
					};
				};
			};
			buildConfigurationList = 9E143B051D4A73DB0073B51B /* Build configuration list for PBXProject "Machiavelli" */;
			compatibilityVersion = "Xcode 3.2";
			developmentRegion = English;
			hasScannedForEncodings = 0;
			knownRegions = (
				en,
			);
			mainGroup = 9E143B011D4A73DB0073B51B;
			productRefGroup = 9E143B0B1D4A73DB0073B51B /* Products */;
			projectDirPath = "";
			projectRoot = "";
			targets = (
				9E143B091D4A73DB0073B51B /* Machiavelli */,
			);
		};
/* End PBXProject section */

/* Begin PBXSourcesBuildPhase section */
		9E143B061D4A73DB0073B51B /* Sources */ = {
			isa = PBXSourcesBuildPhase;
			buildActionMask = 2147483647;
			files = (
				9E143B1C1D4A74640073B51B /* Player.cpp in Sources */,
				9E143B1D1D4A74640073B51B /* Socket.cpp in Sources */,
				9E5E078E1D4CD354006D5063 /* BaseCard.cpp in Sources */,
				9E5E07961D4CD492006D5063 /* MainProcessor.cpp in Sources */,
				9E5E078B1D4CD33A006D5063 /* BaseCharacter.cpp in Sources */,
				9E4BFB131D53C86D006E8138 /* PreacherProcessor.cpp in Sources */,
				9E5E07AF1D4CE1D6006D5063 /* ConsoleView.cpp in Sources */,
				9E4BFB141D53C86D006E8138 /* ThiefProcessor.cpp in Sources */,
				9E4BFB111D53C86D006E8138 /* CondottieriProcessor.cpp in Sources */,
				9E5E079F1D4CDE6C006D5063 /* WizzardProcessor.cpp in Sources */,
				9E4BFB121D53C86D006E8138 /* MerchantProcessor.cpp in Sources */,
				9E4BFB101D53C86D006E8138 /* BuildmasterProcessor.cpp in Sources */,
				9E143B1E1D4A74640073B51B /* throw.cpp in Sources */,
				9E143B0E1D4A73DB0073B51B /* main.cpp in Sources */,
				9E5E07B21D4E3EC4006D5063 /* GameController.cpp in Sources */,
				9E5E07881D4CD30F006D5063 /* Round.cpp in Sources */,
				9E5E07991D4CD4B9006D5063 /* MurdererProcessor.cpp in Sources */,
				9E5E07851D4CD2F8006D5063 /* Game.cpp in Sources */,
			);
			runOnlyForDeploymentPostprocessing = 0;
		};
/* End PBXSourcesBuildPhase section */

/* Begin XCBuildConfiguration section */
		9E143B0F1D4A73DB0073B51B /* Debug */ = {
			isa = XCBuildConfiguration;
			buildSettings = {
				ALWAYS_SEARCH_USER_PATHS = NO;
				CLANG_ANALYZER_NONNULL = YES;
				CLANG_CXX_LANGUAGE_STANDARD = "gnu++0x";
				CLANG_CXX_LIBRARY = "libc++";
				CLANG_ENABLE_MODULES = YES;
				CLANG_ENABLE_OBJC_ARC = YES;
				CLANG_WARN_BOOL_CONVERSION = YES;
				CLANG_WARN_CONSTANT_CONVERSION = YES;
				CLANG_WARN_DIRECT_OBJC_ISA_USAGE = YES_ERROR;
				CLANG_WARN_EMPTY_BODY = YES;
				CLANG_WARN_ENUM_CONVERSION = YES;
				CLANG_WARN_INT_CONVERSION = YES;
				CLANG_WARN_OBJC_ROOT_CLASS = YES_ERROR;
				CLANG_WARN_UNREACHABLE_CODE = YES;
				CLANG_WARN__DUPLICATE_METHOD_MATCH = YES;
				CODE_SIGN_IDENTITY = "-";
				COPY_PHASE_STRIP = NO;
				DEBUG_INFORMATION_FORMAT = dwarf;
				ENABLE_STRICT_OBJC_MSGSEND = YES;
				ENABLE_TESTABILITY = YES;
				GCC_C_LANGUAGE_STANDARD = gnu99;
				GCC_DYNAMIC_NO_PIC = NO;
				GCC_NO_COMMON_BLOCKS = YES;
				GCC_OPTIMIZATION_LEVEL = 0;
				GCC_PREPROCESSOR_DEFINITIONS = (
					"DEBUG=1",
					"$(inherited)",
				);
				GCC_WARN_64_TO_32_BIT_CONVERSION = YES;
				GCC_WARN_ABOUT_RETURN_TYPE = YES_ERROR;
				GCC_WARN_UNDECLARED_SELECTOR = YES;
				GCC_WARN_UNINITIALIZED_AUTOS = YES_AGGRESSIVE;
				GCC_WARN_UNUSED_FUNCTION = YES;
				GCC_WARN_UNUSED_VARIABLE = YES;
				MACOSX_DEPLOYMENT_TARGET = 10.11;
				MTL_ENABLE_DEBUG_INFO = YES;
				ONLY_ACTIVE_ARCH = YES;
				SDKROOT = macosx;
			};
			name = Debug;
		};
		9E143B101D4A73DB0073B51B /* Release */ = {
			isa = XCBuildConfiguration;
			buildSettings = {
				ALWAYS_SEARCH_USER_PATHS = NO;
				CLANG_ANALYZER_NONNULL = YES;
				CLANG_CXX_LANGUAGE_STANDARD = "gnu++0x";
				CLANG_CXX_LIBRARY = "libc++";
				CLANG_ENABLE_MODULES = YES;
				CLANG_ENABLE_OBJC_ARC = YES;
				CLANG_WARN_BOOL_CONVERSION = YES;
				CLANG_WARN_CONSTANT_CONVERSION = YES;
				CLANG_WARN_DIRECT_OBJC_ISA_USAGE = YES_ERROR;
				CLANG_WARN_EMPTY_BODY = YES;
				CLANG_WARN_ENUM_CONVERSION = YES;
				CLANG_WARN_INT_CONVERSION = YES;
				CLANG_WARN_OBJC_ROOT_CLASS = YES_ERROR;
				CLANG_WARN_UNREACHABLE_CODE = YES;
				CLANG_WARN__DUPLICATE_METHOD_MATCH = YES;
				CODE_SIGN_IDENTITY = "-";
				COPY_PHASE_STRIP = NO;
				DEBUG_INFORMATION_FORMAT = "dwarf-with-dsym";
				ENABLE_NS_ASSERTIONS = NO;
				ENABLE_STRICT_OBJC_MSGSEND = YES;
				GCC_C_LANGUAGE_STANDARD = gnu99;
				GCC_NO_COMMON_BLOCKS = YES;
				GCC_WARN_64_TO_32_BIT_CONVERSION = YES;
				GCC_WARN_ABOUT_RETURN_TYPE = YES_ERROR;
				GCC_WARN_UNDECLARED_SELECTOR = YES;
				GCC_WARN_UNINITIALIZED_AUTOS = YES_AGGRESSIVE;
				GCC_WARN_UNUSED_FUNCTION = YES;
				GCC_WARN_UNUSED_VARIABLE = YES;
				MACOSX_DEPLOYMENT_TARGET = 10.11;
				MTL_ENABLE_DEBUG_INFO = NO;
				SDKROOT = macosx;
			};
			name = Release;
		};
		9E143B121D4A73DB0073B51B /* Debug */ = {
			isa = XCBuildConfiguration;
			buildSettings = {
				PRODUCT_NAME = "$(TARGET_NAME)";
			};
			name = Debug;
		};
		9E143B131D4A73DB0073B51B /* Release */ = {
			isa = XCBuildConfiguration;
			buildSettings = {
				PRODUCT_NAME = "$(TARGET_NAME)";
			};
			name = Release;
		};
/* End XCBuildConfiguration section */

/* Begin XCConfigurationList section */
		9E143B051D4A73DB0073B51B /* Build configuration list for PBXProject "Machiavelli" */ = {
			isa = XCConfigurationList;
			buildConfigurations = (
				9E143B0F1D4A73DB0073B51B /* Debug */,
				9E143B101D4A73DB0073B51B /* Release */,
			);
			defaultConfigurationIsVisible = 0;
			defaultConfigurationName = Release;
		};
		9E143B111D4A73DB0073B51B /* Build configuration list for PBXNativeTarget "Machiavelli" */ = {
			isa = XCConfigurationList;
			buildConfigurations = (
				9E143B121D4A73DB0073B51B /* Debug */,
				9E143B131D4A73DB0073B51B /* Release */,
			);
			defaultConfigurationIsVisible = 0;
			defaultConfigurationName = Release;
		};
/* End XCConfigurationList section */
	};
	rootObject = 9E143B021D4A73DB0073B51B /* Project object */;
}
